
Microsoft Visual Studio Solution File, Format Version 12.00
# Visual Studio Version 17
VisualStudioVersion = 17.1.32414.318
MinimumVisualStudioVersion = 10.0.40219.1
Project("{FAE04EC0-301F-11D3-BF4B-00C04F79EFBC}") = "TicTacToe", "TicTacToe\TicTacToe.csproj", "{2C00668A-67B2-4A36-A5C7-A97D73614E95}"
EndProject
Global
	GlobalSection(SolutionConfigurationPlatforms) = preSolution
		Debug|Any CPU = Debug|Any CPU
		Release|Any CPU = Release|Any CPU
	EndGlobalSection
	GlobalSection(ProjectConfigurationPlatforms) = postSolution
		{2C00668A-67B2-4A36-A5C7-A97D73614E95}.Debug|Any CPU.ActiveCfg = Debug|Any CPU
		{2C00668A-67B2-4A36-A5C7-A97D73614E95}.Debug|Any CPU.Build.0 = Debug|Any CPU
		{2C00668A-67B2-4A36-A5C7-A97D73614E95}.Release|Any CPU.ActiveCfg = Release|Any CPU
		{2C00668A-67B2-4A36-A5C7-A97D73614E95}.Release|Any CPU.Build.0 = Release|Any CPU
	EndGlobalSection
	GlobalSection(SolutionProperties) = preSolution
		HideSolutionNode = FALSE
	EndGlobalSection
	GlobalSection(ExtensibilityGlobals) = postSolution
		SolutionGuid = {6ECCCC9B-67CE-43FD-8A7E-D03846F79933}
	EndGlobalSection
EndGlobal
